// !$*UTF8*$!
{
	archiveVersion = 1;
	classes = {
	};
	objectVersion = 50;
	objects = {

/* Begin PBXBuildFile section */
		7D3DDA3925F5D37C00A3DCD0 /* AppDelegate.swift in Sources */ = {isa = PBXBuildFile; fileRef = 7D3DDA3825F5D37C00A3DCD0 /* AppDelegate.swift */; };
		7D3DDA3B25F5D37C00A3DCD0 /* SceneDelegate.swift in Sources */ = {isa = PBXBuildFile; fileRef = 7D3DDA3A25F5D37C00A3DCD0 /* SceneDelegate.swift */; };
		7D3DDA3D25F5D37C00A3DCD0 /* ViewController.swift in Sources */ = {isa = PBXBuildFile; fileRef = 7D3DDA3C25F5D37C00A3DCD0 /* ViewController.swift */; };
		7D3DDA4025F5D37C00A3DCD0 /* Main.storyboard in Resources */ = {isa = PBXBuildFile; fileRef = 7D3DDA3E25F5D37C00A3DCD0 /* Main.storyboard */; };
		7D3DDA4225F5D37E00A3DCD0 /* Assets.xcassets in Resources */ = {isa = PBXBuildFile; fileRef = 7D3DDA4125F5D37E00A3DCD0 /* Assets.xcassets */; };
		7D3DDA4525F5D37E00A3DCD0 /* LaunchScreen.storyboard in Resources */ = {isa = PBXBuildFile; fileRef = 7D3DDA4325F5D37E00A3DCD0 /* LaunchScreen.storyboard */; };
		7D3DDA5025F5D37F00A3DCD0 /* HackwichSevenTests.swift in Sources */ = {isa = PBXBuildFile; fileRef = 7D3DDA4F25F5D37F00A3DCD0 /* HackwichSevenTests.swift */; };
		7D3DDA5B25F5D37F00A3DCD0 /* HackwichSevenUITests.swift in Sources */ = {isa = PBXBuildFile; fileRef = 7D3DDA5A25F5D37F00A3DCD0 /* HackwichSevenUITests.swift */; };
/* End PBXBuildFile section */

/* Begin PBXContainerItemProxy section */
		7D3DDA4C25F5D37F00A3DCD0 /* PBXContainerItemProxy */ = {
			isa = PBXContainerItemProxy;
			containerPortal = 7D3DDA2D25F5D37C00A3DCD0 /* Project object */;
			proxyType = 1;
			remoteGlobalIDString = 7D3DDA3425F5D37C00A3DCD0;
			remoteInfo = HackwichSeven;
		};
		7D3DDA5725F5D37F00A3DCD0 /* PBXContainerItemProxy */ = {
			isa = PBXContainerItemProxy;
			containerPortal = 7D3DDA2D25F5D37C00A3DCD0 /* Project object */;
			proxyType = 1;
			remoteGlobalIDString = 7D3DDA3425F5D37C00A3DCD0;
			remoteInfo = HackwichSeven;
		};
/* End PBXContainerItemProxy section */

/* Begin PBXFileReference section */
		7D3DDA3525F5D37C00A3DCD0 /* HackwichSeven.app */ = {isa = PBXFileReference; explicitFileType = wrapper.application; includeInIndex = 0; path = HackwichSeven.app; sourceTree = BUILT_PRODUCTS_DIR; };
		7D3DDA3825F5D37C00A3DCD0 /* AppDelegate.swift */ = {isa = PBXFileReference; lastKnownFileType = sourcecode.swift; path = AppDelegate.swift; sourceTree = "<group>"; };
		7D3DDA3A25F5D37C00A3DCD0 /* SceneDelegate.swift */ = {isa = PBXFileReference; lastKnownFileType = sourcecode.swift; path = SceneDelegate.swift; sourceTree = "<group>"; };
		7D3DDA3C25F5D37C00A3DCD0 /* ViewController.swift */ = {isa = PBXFileReference; lastKnownFileType = sourcecode.swift; path = ViewController.swift; sourceTree = "<group>"; };
		7D3DDA3F25F5D37C00A3DCD0 /* Base */ = {isa = PBXFileReference; lastKnownFileType = file.storyboard; name = Base; path = Base.lproj/Main.storyboard; sourceTree = "<group>"; };
		7D3DDA4125F5D37E00A3DCD0 /* Assets.xcassets */ = {isa = PBXFileReference; lastKnownFileType = folder.assetcatalog; path = Assets.xcassets; sourceTree = "<group>"; };
		7D3DDA4425F5D37E00A3DCD0 /* Base */ = {isa = PBXFileReference; lastKnownFileType = file.storyboard; name = Base; path = Base.lproj/LaunchScreen.storyboard; sourceTree = "<group>"; };
		7D3DDA4625F5D37F00A3DCD0 /* Info.plist */ = {isa = PBXFileReference; lastKnownFileType = text.plist.xml; path = Info.plist; sourceTree = "<group>"; };
		7D3DDA4B25F5D37F00A3DCD0 /* HackwichSevenTests.xctest */ = {isa = PBXFileReference; explicitFileType = wrapper.cfbundle; includeInIndex = 0; path = HackwichSevenTests.xctest; sourceTree = BUILT_PRODUCTS_DIR; };
		7D3DDA4F25F5D37F00A3DCD0 /* HackwichSevenTests.swift */ = {isa = PBXFileReference; lastKnownFileType = sourcecode.swift; path = HackwichSevenTests.swift; sourceTree = "<group>"; };
		7D3DDA5125F5D37F00A3DCD0 /* Info.plist */ = {isa = PBXFileReference; lastKnownFileType = text.plist.xml; path = Info.plist; sourceTree = "<group>"; };
		7D3DDA5625F5D37F00A3DCD0 /* HackwichSevenUITests.xctest */ = {isa = PBXFileReference; explicitFileType = wrapper.cfbundle; includeInIndex = 0; path = HackwichSevenUITests.xctest; sourceTree = BUILT_PRODUCTS_DIR; };
		7D3DDA5A25F5D37F00A3DCD0 /* HackwichSevenUITests.swift */ = {isa = PBXFileReference; lastKnownFileType = sourcecode.swift; path = HackwichSevenUITests.swift; sourceTree = "<group>"; };
		7D3DDA5C25F5D37F00A3DCD0 /* Info.plist */ = {isa = PBXFileReference; lastKnownFileType = text.plist.xml; path = Info.plist; sourceTree = "<group>"; };
/* End PBXFileReference section */

/* Begin PBXFrameworksBuildPhase section */
		7D3DDA3225F5D37C00A3DCD0 /* Frameworks */ = {
			isa = PBXFrameworksBuildPhase;
			buildActionMask = 2147483647;
			files = (
			);
			runOnlyForDeploymentPostprocessing = 0;
		};
		7D3DDA4825F5D37F00A3DCD0 /* Frameworks */ = {
			isa = PBXFrameworksBuildPhase;
			buildActionMask = 2147483647;
			files = (
			);
			runOnlyForDeploymentPostprocessing = 0;
		};
		7D3DDA5325F5D37F00A3DCD0 /* Frameworks */ = {
			isa = PBXFrameworksBuildPhase;
			buildActionMask = 2147483647;
			files = (
			);
			runOnlyForDeploymentPostprocessing = 0;
		};
/* End PBXFrameworksBuildPhase section */

/* Begin PBXGroup section */
		7D3DDA2C25F5D37C00A3DCD0 = {
			isa = PBXGroup;
			children = (
				7D3DDA3725F5D37C00A3DCD0 /* HackwichSeven */,
				7D3DDA4E25F5D37F00A3DCD0 /* HackwichSevenTests */,
				7D3DDA5925F5D37F00A3DCD0 /* HackwichSevenUITests */,
				7D3DDA3625F5D37C00A3DCD0 /* Products */,
			);
			sourceTree = "<group>";
		};
		7D3DDA3625F5D37C00A3DCD0 /* Products */ = {
			isa = PBXGroup;
			children = (
				7D3DDA3525F5D37C00A3DCD0 /* HackwichSeven.app */,
				7D3DDA4B25F5D37F00A3DCD0 /* HackwichSevenTests.xctest */,
				7D3DDA5625F5D37F00A3DCD0 /* HackwichSevenUITests.xctest */,
			);
			name = Products;
			sourceTree = "<group>";
		};
		7D3DDA3725F5D37C00A3DCD0 /* HackwichSeven */ = {
			isa = PBXGroup;
			children = (
				7D3DDA3825F5D37C00A3DCD0 /* AppDelegate.swift */,
				7D3DDA3A25F5D37C00A3DCD0 /* SceneDelegate.swift */,
				7D3DDA3C25F5D37C00A3DCD0 /* ViewController.swift */,
				7D3DDA3E25F5D37C00A3DCD0 /* Main.storyboard */,
				7D3DDA4125F5D37E00A3DCD0 /* Assets.xcassets */,
				7D3DDA4325F5D37E00A3DCD0 /* LaunchScreen.storyboard */,
				7D3DDA4625F5D37F00A3DCD0 /* Info.plist */,
			);
			path = HackwichSeven;
			sourceTree = "<group>";
		};
		7D3DDA4E25F5D37F00A3DCD0 /* HackwichSevenTests */ = {
			isa = PBXGroup;
			children = (
				7D3DDA4F25F5D37F00A3DCD0 /* HackwichSevenTests.swift */,
				7D3DDA5125F5D37F00A3DCD0 /* Info.plist */,
			);
			path = HackwichSevenTests;
			sourceTree = "<group>";
		};
		7D3DDA5925F5D37F00A3DCD0 /* HackwichSevenUITests */ = {
			isa = PBXGroup;
			children = (
				7D3DDA5A25F5D37F00A3DCD0 /* HackwichSevenUITests.swift */,
				7D3DDA5C25F5D37F00A3DCD0 /* Info.plist */,
			);
			path = HackwichSevenUITests;
			sourceTree = "<group>";
		};
/* End PBXGroup section */

/* Begin PBXNativeTarget section */
		7D3DDA3425F5D37C00A3DCD0 /* HackwichSeven */ = {
			isa = PBXNativeTarget;
			buildConfigurationList = 7D3DDA5F25F5D37F00A3DCD0 /* Build configuration list for PBXNativeTarget "HackwichSeven" */;
			buildPhases = (
				7D3DDA3125F5D37C00A3DCD0 /* Sources */,
				7D3DDA3225F5D37C00A3DCD0 /* Frameworks */,
				7D3DDA3325F5D37C00A3DCD0 /* Resources */,
			);
			buildRules = (
			);
			dependencies = (
			);
			name = HackwichSeven;
			productName = HackwichSeven;
			productReference = 7D3DDA3525F5D37C00A3DCD0 /* HackwichSeven.app */;
			productType = "com.apple.product-type.application";
		};
		7D3DDA4A25F5D37F00A3DCD0 /* HackwichSevenTests */ = {
			isa = PBXNativeTarget;
			buildConfigurationList = 7D3DDA6225F5D37F00A3DCD0 /* Build configuration list for PBXNativeTarget "HackwichSevenTests" */;
			buildPhases = (
				7D3DDA4725F5D37F00A3DCD0 /* Sources */,
				7D3DDA4825F5D37F00A3DCD0 /* Frameworks */,
				7D3DDA4925F5D37F00A3DCD0 /* Resources */,
			);
			buildRules = (
			);
			dependencies = (
				7D3DDA4D25F5D37F00A3DCD0 /* PBXTargetDependency */,
			);
			name = HackwichSevenTests;
			productName = HackwichSevenTests;
			productReference = 7D3DDA4B25F5D37F00A3DCD0 /* HackwichSevenTests.xctest */;
			productType = "com.apple.product-type.bundle.unit-test";
		};
		7D3DDA5525F5D37F00A3DCD0 /* HackwichSevenUITests */ = {
			isa = PBXNativeTarget;
			buildConfigurationList = 7D3DDA6525F5D37F00A3DCD0 /* Build configuration list for PBXNativeTarget "HackwichSevenUITests" */;
			buildPhases = (
				7D3DDA5225F5D37F00A3DCD0 /* Sources */,
				7D3DDA5325F5D37F00A3DCD0 /* Frameworks */,
				7D3DDA5425F5D37F00A3DCD0 /* Resources */,
			);
			buildRules = (
			);
			dependencies = (
				7D3DDA5825F5D37F00A3DCD0 /* PBXTargetDependency */,
			);
			name = HackwichSevenUITests;
			productName = HackwichSevenUITests;
			productReference = 7D3DDA5625F5D37F00A3DCD0 /* HackwichSevenUITests.xctest */;
			productType = "com.apple.product-type.bundle.ui-testing";
		};
/* End PBXNativeTarget section */

/* Begin PBXProject section */
		7D3DDA2D25F5D37C00A3DCD0 /* Project object */ = {
			isa = PBXProject;
			attributes = {
				LastSwiftUpdateCheck = 1240;
				LastUpgradeCheck = 1240;
				TargetAttributes = {
					7D3DDA3425F5D37C00A3DCD0 = {
						CreatedOnToolsVersion = 12.4;
					};
					7D3DDA4A25F5D37F00A3DCD0 = {
						CreatedOnToolsVersion = 12.4;
						TestTargetID = 7D3DDA3425F5D37C00A3DCD0;
					};
					7D3DDA5525F5D37F00A3DCD0 = {
						CreatedOnToolsVersion = 12.4;
						TestTargetID = 7D3DDA3425F5D37C00A3DCD0;
					};
				};
			};
			buildConfigurationList = 7D3DDA3025F5D37C00A3DCD0 /* Build configuration list for PBXProject "HackwichSeven" */;
			compatibilityVersion = "Xcode 9.3";
			developmentRegion = en;
			hasScannedForEncodings = 0;
			knownRegions = (
				en,
				Base,
			);
			mainGroup = 7D3DDA2C25F5D37C00A3DCD0;
			productRefGroup = 7D3DDA3625F5D37C00A3DCD0 /* Products */;
			projectDirPath = "";
			projectRoot = "";
			targets = (
				7D3DDA3425F5D37C00A3DCD0 /* HackwichSeven */,
				7D3DDA4A25F5D37F00A3DCD0 /* HackwichSevenTests */,
				7D3DDA5525F5D37F00A3DCD0 /* HackwichSevenUITests */,
			);
		};
/* End PBXProject section */

/* Begin PBXResourcesBuildPhase section */
		7D3DDA3325F5D37C00A3DCD0 /* Resources */ = {
			isa = PBXResourcesBuildPhase;
			buildActionMask = 2147483647;
			files = (
				7D3DDA4525F5D37E00A3DCD0 /* LaunchScreen.storyboard in Resources */,
				7D3DDA4225F5D37E00A3DCD0 /* Assets.xcassets in Resources */,
				7D3DDA4025F5D37C00A3DCD0 /* Main.storyboard in Resources */,
			);
			runOnlyForDeploymentPostprocessing = 0;
		};
		7D3DDA4925F5D37F00A3DCD0 /* Resources */ = {
			isa = PBXResourcesBuildPhase;
			buildActionMask = 2147483647;
			files = (
			);
			runOnlyForDeploymentPostprocessing = 0;
		};
		7D3DDA5425F5D37F00A3DCD0 /* Resources */ = {
			isa = PBXResourcesBuildPhase;
			buildActionMask = 2147483647;
			files = (
			);
			runOnlyForDeploymentPostprocessing = 0;
		};
/* End PBXResourcesBuildPhase section */

/* Begin PBXSourcesBuildPhase section */
		7D3DDA3125F5D37C00A3DCD0 /* Sources */ = {
			isa = PBXSourcesBuildPhase;
			buildActionMask = 2147483647;
			files = (
				7D3DDA3D25F5D37C00A3DCD0 /* ViewController.swift in Sources */,
				7D3DDA3925F5D37C00A3DCD0 /* AppDelegate.swift in Sources */,
				7D3DDA3B25F5D37C00A3DCD0 /* SceneDelegate.swift in Sources */,
			);
			runOnlyForDeploymentPostprocessing = 0;
		};
		7D3DDA4725F5D37F00A3DCD0 /* Sources */ = {
			isa = PBXSourcesBuildPhase;
			buildActionMask = 2147483647;
			files = (
				7D3DDA5025F5D37F00A3DCD0 /* HackwichSevenTests.swift in Sources */,
			);
			runOnlyForDeploymentPostprocessing = 0;
		};
		7D3DDA5225F5D37F00A3DCD0 /* Sources */ = {
			isa = PBXSourcesBuildPhase;
			buildActionMask = 2147483647;
			files = (
				7D3DDA5B25F5D37F00A3DCD0 /* HackwichSevenUITests.swift in Sources */,
			);
			runOnlyForDeploymentPostprocessing = 0;
		};
/* End PBXSourcesBuildPhase section */

/* Begin PBXTargetDependency section */
		7D3DDA4D25F5D37F00A3DCD0 /* PBXTargetDependency */ = {
			isa = PBXTargetDependency;
			target = 7D3DDA3425F5D37C00A3DCD0 /* HackwichSeven */;
			targetProxy = 7D3DDA4C25F5D37F00A3DCD0 /* PBXContainerItemProxy */;
		};
		7D3DDA5825F5D37F00A3DCD0 /* PBXTargetDependency */ = {
			isa = PBXTargetDependency;
			target = 7D3DDA3425F5D37C00A3DCD0 /* HackwichSeven */;
			targetProxy = 7D3DDA5725F5D37F00A3DCD0 /* PBXContainerItemProxy */;
		};
/* End PBXTargetDependency section */

/* Begin PBXVariantGroup section */
		7D3DDA3E25F5D37C00A3DCD0 /* Main.storyboard */ = {
			isa = PBXVariantGroup;
			children = (
				7D3DDA3F25F5D37C00A3DCD0 /* Base */,
			);
			name = Main.storyboard;
			sourceTree = "<group>";
		};
		7D3DDA4325F5D37E00A3DCD0 /* LaunchScreen.storyboard */ = {
			isa = PBXVariantGroup;
			children = (
				7D3DDA4425F5D37E00A3DCD0 /* Base */,
			);
			name = LaunchScreen.storyboard;
			sourceTree = "<group>";
		};
/* End PBXVariantGroup section */

/* Begin XCBuildConfiguration section */
		7D3DDA5D25F5D37F00A3DCD0 /* Debug */ = {
			isa = XCBuildConfiguration;
			buildSettings = {
				ALWAYS_SEARCH_USER_PATHS = NO;
				CLANG_ANALYZER_NONNULL = YES;
				CLANG_ANALYZER_NUMBER_OBJECT_CONVERSION = YES_AGGRESSIVE;
				CLANG_CXX_LANGUAGE_STANDARD = "gnu++14";
				CLANG_CXX_LIBRARY = "libc++";
				CLANG_ENABLE_MODULES = YES;
				CLANG_ENABLE_OBJC_ARC = YES;
				CLANG_ENABLE_OBJC_WEAK = YES;
				CLANG_WARN_BLOCK_CAPTURE_AUTORELEASING = YES;
				CLANG_WARN_BOOL_CONVERSION = YES;
				CLANG_WARN_COMMA = YES;
				CLANG_WARN_CONSTANT_CONVERSION = YES;
				CLANG_WARN_DEPRECATED_OBJC_IMPLEMENTATIONS = YES;
				CLANG_WARN_DIRECT_OBJC_ISA_USAGE = YES_ERROR;
				CLANG_WARN_DOCUMENTATION_COMMENTS = YES;
				CLANG_WARN_EMPTY_BODY = YES;
				CLANG_WARN_ENUM_CONVERSION = YES;
				CLANG_WARN_INFINITE_RECURSION = YES;
				CLANG_WARN_INT_CONVERSION = YES;
				CLANG_WARN_NON_LITERAL_NULL_CONVERSION = YES;
				CLANG_WARN_OBJC_IMPLICIT_RETAIN_SELF = YES;
				CLANG_WARN_OBJC_LITERAL_CONVERSION = YES;
				CLANG_WARN_OBJC_ROOT_CLASS = YES_ERROR;
				CLANG_WARN_QUOTED_INCLUDE_IN_FRAMEWORK_HEADER = YES;
				CLANG_WARN_RANGE_LOOP_ANALYSIS = YES;
				CLANG_WARN_STRICT_PROTOTYPES = YES;
				CLANG_WARN_SUSPICIOUS_MOVE = YES;
				CLANG_WARN_UNGUARDED_AVAILABILITY = YES_AGGRESSIVE;
				CLANG_WARN_UNREACHABLE_CODE = YES;
				CLANG_WARN__DUPLICATE_METHOD_MATCH = YES;
				COPY_PHASE_STRIP = NO;
				DEBUG_INFORMATION_FORMAT = dwarf;
				ENABLE_STRICT_OBJC_MSGSEND = YES;
				ENABLE_TESTABILITY = YES;
				GCC_C_LANGUAGE_STANDARD = gnu11;
				GCC_DYNAMIC_NO_PIC = NO;
				GCC_NO_COMMON_BLOCKS = YES;
				GCC_OPTIMIZATION_LEVEL = 0;
				GCC_PREPROCESSOR_DEFINITIONS = (
					"DEBUG=1",
					"$(inherited)",
				);
				GCC_WARN_64_TO_32_BIT_CONVERSION = YES;
				GCC_WARN_ABOUT_RETURN_TYPE = YES_ERROR;
				GCC_WARN_UNDECLARED_SELECTOR = YES;
				GCC_WARN_UNINITIALIZED_AUTOS = YES_AGGRESSIVE;
				GCC_WARN_UNUSED_FUNCTION = YES;
				GCC_WARN_UNUSED_VARIABLE = YES;
				IPHONEOS_DEPLOYMENT_TARGET = 14.4;
				MTL_ENABLE_DEBUG_INFO = INCLUDE_SOURCE;
				MTL_FAST_MATH = YES;
				ONLY_ACTIVE_ARCH = YES;
				SDKROOT = iphoneos;
				SWIFT_ACTIVE_COMPILATION_CONDITIONS = DEBUG;
				SWIFT_OPTIMIZATION_LEVEL = "-Onone";
			};
			name = Debug;
		};
		7D3DDA5E25F5D37F00A3DCD0 /* Release */ = {
			isa = XCBuildConfiguration;
			buildSettings = {
				ALWAYS_SEARCH_USER_PATHS = NO;
				CLANG_ANALYZER_NONNULL = YES;
				CLANG_ANALYZER_NUMBER_OBJECT_CONVERSION = YES_AGGRESSIVE;
				CLANG_CXX_LANGUAGE_STANDARD = "gnu++14";
				CLANG_CXX_LIBRARY = "libc++";
				CLANG_ENABLE_MODULES = YES;
				CLANG_ENABLE_OBJC_ARC = YES;
				CLANG_ENABLE_OBJC_WEAK = YES;
				CLANG_WARN_BLOCK_CAPTURE_AUTORELEASING = YES;
				CLANG_WARN_BOOL_CONVERSION = YES;
				CLANG_WARN_COMMA = YES;
				CLANG_WARN_CONSTANT_CONVERSION = YES;
				CLANG_WARN_DEPRECATED_OBJC_IMPLEMENTATIONS = YES;
				CLANG_WARN_DIRECT_OBJC_ISA_USAGE = YES_ERROR;
				CLANG_WARN_DOCUMENTATION_COMMENTS = YES;
				CLANG_WARN_EMPTY_BODY = YES;
				CLANG_WARN_ENUM_CONVERSION = YES;
				CLANG_WARN_INFINITE_RECURSION = YES;
				CLANG_WARN_INT_CONVERSION = YES;
				CLANG_WARN_NON_LITERAL_NULL_CONVERSION = YES;
				CLANG_WARN_OBJC_IMPLICIT_RETAIN_SELF = YES;
				CLANG_WARN_OBJC_LITERAL_CONVERSION = YES;
				CLANG_WARN_OBJC_ROOT_CLASS = YES_ERROR;
				CLANG_WARN_QUOTED_INCLUDE_IN_FRAMEWORK_HEADER = YES;
				CLANG_WARN_RANGE_LOOP_ANALYSIS = YES;
				CLANG_WARN_STRICT_PROTOTYPES = YES;
				CLANG_WARN_SUSPICIOUS_MOVE = YES;
				CLANG_WARN_UNGUARDED_AVAILABILITY = YES_AGGRESSIVE;
				CLANG_WARN_UNREACHABLE_CODE = YES;
				CLANG_WARN__DUPLICATE_METHOD_MATCH = YES;
				COPY_PHASE_STRIP = NO;
				DEBUG_INFORMATION_FORMAT = "dwarf-with-dsym";
				ENABLE_NS_ASSERTIONS = NO;
				ENABLE_STRICT_OBJC_MSGSEND = YES;
				GCC_C_LANGUAGE_STANDARD = gnu11;
				GCC_NO_COMMON_BLOCKS = YES;
				GCC_WARN_64_TO_32_BIT_CONVERSION = YES;
				GCC_WARN_ABOUT_RETURN_TYPE = YES_ERROR;
				GCC_WARN_UNDECLARED_SELECTOR = YES;
				GCC_WARN_UNINITIALIZED_AUTOS = YES_AGGRESSIVE;
				GCC_WARN_UNUSED_FUNCTION = YES;
				GCC_WARN_UNUSED_VARIABLE = YES;
				IPHONEOS_DEPLOYMENT_TARGET = 14.4;
				MTL_ENABLE_DEBUG_INFO = NO;
				MTL_FAST_MATH = YES;
				SDKROOT = iphoneos;
				SWIFT_COMPILATION_MODE = wholemodule;
				SWIFT_OPTIMIZATION_LEVEL = "-O";
				VALIDATE_PRODUCT = YES;
			};
			name = Release;
		};
		7D3DDA6025F5D37F00A3DCD0 /* Debug */ = {
			isa = XCBuildConfiguration;
			buildSettings = {
				ASSETCATALOG_COMPILER_APPICON_NAME = AppIcon;
				ASSETCATALOG_COMPILER_GLOBAL_ACCENT_COLOR_NAME = AccentColor;
				CODE_SIGN_STYLE = Automatic;
				DEVELOPMENT_TEAM = HHBB8RSDC3;
				INFOPLIST_FILE = HackwichSeven/Info.plist;
				LD_RUNPATH_SEARCH_PATHS = (
					"$(inherited)",
					"@executable_path/Frameworks",
				);
				PRODUCT_BUNDLE_IDENTIFIER = UHWO.HackwichSeven;
				PRODUCT_NAME = "$(TARGET_NAME)";
				SWIFT_VERSION = 5.0;
				TARGETED_DEVICE_FAMILY = "1,2";
			};
			name = Debug;
		};
		7D3DDA6125F5D37F00A3DCD0 /* Release */ = {
			isa = XCBuildConfiguration;
			buildSettings = {
				ASSETCATALOG_COMPILER_APPICON_NAME = AppIcon;
				ASSETCATALOG_COMPILER_GLOBAL_ACCENT_COLOR_NAME = AccentColor;
				CODE_SIGN_STYLE = Automatic;
				DEVELOPMENT_TEAM = HHBB8RSDC3;
				INFOPLIST_FILE = HackwichSeven/Info.plist;
				LD_RUNPATH_SEARCH_PATHS = (
					"$(inherited)",
					"@executable_path/Frameworks",
				);
				PRODUCT_BUNDLE_IDENTIFIER = UHWO.HackwichSeven;
				PRODUCT_NAME = "$(TARGET_NAME)";
				SWIFT_VERSION = 5.0;
				TARGETED_DEVICE_FAMILY = "1,2";
			};
			name = Release;
		};
		7D3DDA6325F5D37F00A3DCD0 /* Debug */ = {
			isa = XCBuildConfiguration;
			buildSettings = {
				ALWAYS_EMBED_SWIFT_STANDARD_LIBRARIES = YES;
				BUNDLE_LOADER = "$(TEST_HOST)";
				CODE_SIGN_STYLE = Automatic;
				DEVELOPMENT_TEAM = HHBB8RSDC3;
				INFOPLIST_FILE = HackwichSevenTests/Info.plist;
				IPHONEOS_DEPLOYMENT_TARGET = 14.4;
				LD_RUNPATH_SEARCH_PATHS = (
					"$(inherited)",
					"@executable_path/Frameworks",
					"@loader_path/Frameworks",
				);
				PRODUCT_BUNDLE_IDENTIFIER = UHWO.HackwichSevenTests;
				PRODUCT_NAME = "$(TARGET_NAME)";
				SWIFT_VERSION = 5.0;
				TARGETED_DEVICE_FAMILY = "1,2";
				TEST_HOST = "$(BUILT_PRODUCTS_DIR)/HackwichSeven.app/HackwichSeven";
			};
			name = Debug;
		};
		7D3DDA6425F5D37F00A3DCD0 /* Release */ = {
			isa = XCBuildConfiguration;
			buildSettings = {
				ALWAYS_EMBED_SWIFT_STANDARD_LIBRARIES = YES;
				BUNDLE_LOADER = "$(TEST_HOST)";
				CODE_SIGN_STYLE = Automatic;
				DEVELOPMENT_TEAM = HHBB8RSDC3;
				INFOPLIST_FILE = HackwichSevenTests/Info.plist;
				IPHONEOS_DEPLOYMENT_TARGET = 14.4;
				LD_RUNPATH_SEARCH_PATHS = (
					"$(inherited)",
					"@executable_path/Frameworks",
					"@loader_path/Frameworks",
				);
				PRODUCT_BUNDLE_IDENTIFIER = UHWO.HackwichSevenTests;
				PRODUCT_NAME = "$(TARGET_NAME)";
				SWIFT_VERSION = 5.0;
				TARGETED_DEVICE_FAMILY = "1,2";
				TEST_HOST = "$(BUILT_PRODUCTS_DIR)/HackwichSeven.app/HackwichSeven";
			};
			name = Release;
		};
		7D3DDA6625F5D37F00A3DCD0 /* Debug */ = {
			isa = XCBuildConfiguration;
			buildSettings = {
				ALWAYS_EMBED_SWIFT_STANDARD_LIBRARIES = YES;
				CODE_SIGN_STYLE = Automatic;
				DEVELOPMENT_TEAM = HHBB8RSDC3;
				INFOPLIST_FILE = HackwichSevenUITests/Info.plist;
				LD_RUNPATH_SEARCH_PATHS = (
					"$(inherited)",
					"@executable_path/Frameworks",
					"@loader_path/Frameworks",
				);
				PRODUCT_BUNDLE_IDENTIFIER = UHWO.HackwichSevenUITests;
				PRODUCT_NAME = "$(TARGET_NAME)";
				SWIFT_VERSION = 5.0;
				TARGETED_DEVICE_FAMILY = "1,2";
				TEST_TARGET_NAME = HackwichSeven;
			};
			name = Debug;
		};
		7D3DDA6725F5D37F00A3DCD0 /* Release */ = {
			isa = XCBuildConfiguration;
			buildSettings = {
				ALWAYS_EMBED_SWIFT_STANDARD_LIBRARIES = YES;
				CODE_SIGN_STYLE = Automatic;
				DEVELOPMENT_TEAM = HHBB8RSDC3;
				INFOPLIST_FILE = HackwichSevenUITests/Info.plist;
				LD_RUNPATH_SEARCH_PATHS = (
					"$(inherited)",
					"@executable_path/Frameworks",
					"@loader_path/Frameworks",
				);
				PRODUCT_BUNDLE_IDENTIFIER = UHWO.HackwichSevenUITests;
				PRODUCT_NAME = "$(TARGET_NAME)";
				SWIFT_VERSION = 5.0;
				TARGETED_DEVICE_FAMILY = "1,2";
				TEST_TARGET_NAME = HackwichSeven;
			};
			name = Release;
		};
/* End XCBuildConfiguration section */

/* Begin XCConfigurationList section */
		7D3DDA3025F5D37C00A3DCD0 /* Build configuration list for PBXProject "HackwichSeven" */ = {
			isa = XCConfigurationList;
			buildConfigurations = (
				7D3DDA5D25F5D37F00A3DCD0 /* Debug */,
				7D3DDA5E25F5D37F00A3DCD0 /* Release */,
			);
			defaultConfigurationIsVisible = 0;
			defaultConfigurationName = Release;
		};
		7D3DDA5F25F5D37F00A3DCD0 /* Build configuration list for PBXNativeTarget "HackwichSeven" */ = {
			isa = XCConfigurationList;
			buildConfigurations = (
				7D3DDA6025F5D37F00A3DCD0 /* Debug */,
				7D3DDA6125F5D37F00A3DCD0 /* Release */,
			);
			defaultConfigurationIsVisible = 0;
			defaultConfigurationName = Release;
		};
		7D3DDA6225F5D37F00A3DCD0 /* Build configuration list for PBXNativeTarget "HackwichSevenTests" */ = {
			isa = XCConfigurationList;
			buildConfigurations = (
				7D3DDA6325F5D37F00A3DCD0 /* Debug */,
				7D3DDA6425F5D37F00A3DCD0 /* Release */,
			);
			defaultConfigurationIsVisible = 0;
			defaultConfigurationName = Release;
		};
		7D3DDA6525F5D37F00A3DCD0 /* Build configuration list for PBXNativeTarget "HackwichSevenUITests" */ = {
			isa = XCConfigurationList;
			buildConfigurations = (
				7D3DDA6625F5D37F00A3DCD0 /* Debug */,
				7D3DDA6725F5D37F00A3DCD0 /* Release */,
			);
			defaultConfigurationIsVisible = 0;
			defaultConfigurationName = Release;
		};
/* End XCConfigurationList section */
	};
	rootObject = 7D3DDA2D25F5D37C00A3DCD0 /* Project object */;
}
